
Microsoft Visual Studio Solution File, Format Version 12.00
Project("{FAE04EC0-301F-11D3-BF4B-00C04F79EFBC}") = "PointZ", "PointZ\PointZ\PointZ.csproj", "{70EF65B5-0171-43B7-B2EE-861933336F44}"
EndProject
Project("{FAE04EC0-301F-11D3-BF4B-00C04F79EFBC}") = "PointZ.Android", "PointZ\PointZ.Android\PointZ.Android.csproj", "{819E9AAD-130B-4305-ABAB-3ACC78B701D6}"
EndProject
Project("{FAE04EC0-301F-11D3-BF4B-00C04F79EFBC}") = "PointZ.iOS", "PointZ\PointZ.iOS\PointZ.iOS.csproj", "{C389DA88-ADC8-4623-AE9E-A1FCBC4D1EF5}"
EndProject
Global
	GlobalSection(SolutionConfigurationPlatforms) = preSolution
		Ad-Hoc|iPhone = Ad-Hoc|iPhone
		AppStore|iPhone = AppStore|iPhone
		Debug|Any CPU = Debug|Any CPU
		Debug|iPhone = Debug|iPhone
		Debug|iPhoneSimulator = Debug|iPhoneSimulator
		Release|Any CPU = Release|Any CPU
		Release|iPhone = Release|iPhone
		Release|iPhoneSimulator = Release|iPhoneSimulator
	EndGlobalSection
	GlobalSection(ProjectConfigurationPlatforms) = postSolution
		{70EF65B5-0171-43B7-B2EE-861933336F44}.Ad-Hoc|iPhone.ActiveCfg = Debug|Any CPU
		{70EF65B5-0171-43B7-B2EE-861933336F44}.Ad-Hoc|iPhone.Build.0 = Debug|Any CPU
		{70EF65B5-0171-43B7-B2EE-861933336F44}.AppStore|iPhone.ActiveCfg = Debug|Any CPU
		{70EF65B5-0171-43B7-B2EE-861933336F44}.AppStore|iPhone.Build.0 = Debug|Any CPU
		{70EF65B5-0171-43B7-B2EE-861933336F44}.Debug|Any CPU.ActiveCfg = Debug|Any CPU
		{70EF65B5-0171-43B7-B2EE-861933336F44}.Debug|Any CPU.Build.0 = Debug|Any CPU
		{70EF65B5-0171-43B7-B2EE-861933336F44}.Debug|iPhone.ActiveCfg = Debug|Any CPU
		{70EF65B5-0171-43B7-B2EE-861933336F44}.Debug|iPhone.Build.0 = Debug|Any CPU
		{70EF65B5-0171-43B7-B2EE-861933336F44}.Debug|iPhoneSimulator.ActiveCfg = Debug|Any CPU
		{70EF65B5-0171-43B7-B2EE-861933336F44}.Debug|iPhoneSimulator.Build.0 = Debug|Any CPU
		{70EF65B5-0171-43B7-B2EE-861933336F44}.Release|Any CPU.ActiveCfg = Release|Any CPU
		{70EF65B5-0171-43B7-B2EE-861933336F44}.Release|Any CPU.Build.0 = Release|Any CPU
		{70EF65B5-0171-43B7-B2EE-861933336F44}.Release|iPhone.ActiveCfg = Release|Any CPU
		{70EF65B5-0171-43B7-B2EE-861933336F44}.Release|iPhone.Build.0 = Release|Any CPU
		{70EF65B5-0171-43B7-B2EE-861933336F44}.Release|iPhoneSimulator.ActiveCfg = Release|Any CPU
		{70EF65B5-0171-43B7-B2EE-861933336F44}.Release|iPhoneSimulator.Build.0 = Release|Any CPU
		{819E9AAD-130B-4305-ABAB-3ACC78B701D6}.Ad-Hoc|iPhone.ActiveCfg = Debug|Any CPU
		{819E9AAD-130B-4305-ABAB-3ACC78B701D6}.Ad-Hoc|iPhone.Build.0 = Debug|Any CPU
		{819E9AAD-130B-4305-ABAB-3ACC78B701D6}.Ad-Hoc|iPhone.Deploy.0 = Debug|Any CPU
		{819E9AAD-130B-4305-ABAB-3ACC78B701D6}.AppStore|iPhone.ActiveCfg = Debug|Any CPU
		{819E9AAD-130B-4305-ABAB-3ACC78B701D6}.AppStore|iPhone.Build.0 = Debug|Any CPU
		{819E9AAD-130B-4305-ABAB-3ACC78B701D6}.AppStore|iPhone.Deploy.0 = Debug|Any CPU
		{819E9AAD-130B-4305-ABAB-3ACC78B701D6}.Debug|Any CPU.ActiveCfg = Debug|Any CPU
		{819E9AAD-130B-4305-ABAB-3ACC78B701D6}.Debug|Any CPU.Build.0 = Debug|Any CPU
		{819E9AAD-130B-4305-ABAB-3ACC78B701D6}.Debug|Any CPU.Deploy.0 = Debug|Any CPU
		{819E9AAD-130B-4305-ABAB-3ACC78B701D6}.Debug|iPhone.ActiveCfg = Debug|Any CPU
		{819E9AAD-130B-4305-ABAB-3ACC78B701D6}.Debug|iPhone.Build.0 = Debug|Any CPU
		{819E9AAD-130B-4305-ABAB-3ACC78B701D6}.Debug|iPhone.Deploy.0 = Debug|Any CPU
		{819E9AAD-130B-4305-ABAB-3ACC78B701D6}.Debug|iPhoneSimulator.ActiveCfg = Debug|Any CPU
		{819E9AAD-130B-4305-ABAB-3ACC78B701D6}.Debug|iPhoneSimulator.Build.0 = Debug|Any CPU
		{819E9AAD-130B-4305-ABAB-3ACC78B701D6}.Debug|iPhoneSimulator.Deploy.0 = Debug|Any CPU
		{819E9AAD-130B-4305-ABAB-3ACC78B701D6}.Release|Any CPU.ActiveCfg = Release|Any CPU
		{819E9AAD-130B-4305-ABAB-3ACC78B701D6}.Release|Any CPU.Build.0 = Release|Any CPU
		{819E9AAD-130B-4305-ABAB-3ACC78B701D6}.Release|Any CPU.Deploy.0 = Release|Any CPU
		{819E9AAD-130B-4305-ABAB-3ACC78B701D6}.Release|iPhone.ActiveCfg = Release|Any CPU
		{819E9AAD-130B-4305-ABAB-3ACC78B701D6}.Release|iPhone.Build.0 = Release|Any CPU
		{819E9AAD-130B-4305-ABAB-3ACC78B701D6}.Release|iPhone.Deploy.0 = Release|Any CPU
		{819E9AAD-130B-4305-ABAB-3ACC78B701D6}.Release|iPhoneSimulator.ActiveCfg = Release|Any CPU
		{819E9AAD-130B-4305-ABAB-3ACC78B701D6}.Release|iPhoneSimulator.Build.0 = Release|Any CPU
		{819E9AAD-130B-4305-ABAB-3ACC78B701D6}.Release|iPhoneSimulator.Deploy.0 = Release|Any CPU
		{C389DA88-ADC8-4623-AE9E-A1FCBC4D1EF5}.Ad-Hoc|iPhone.ActiveCfg = Ad-Hoc|iPhone
		{C389DA88-ADC8-4623-AE9E-A1FCBC4D1EF5}.Ad-Hoc|iPhone.Build.0 = Ad-Hoc|iPhone
		{C389DA88-ADC8-4623-AE9E-A1FCBC4D1EF5}.Ad-Hoc|iPhone.Deploy.0 = Ad-Hoc|iPhone
		{C389DA88-ADC8-4623-AE9E-A1FCBC4D1EF5}.AppStore|iPhone.ActiveCfg = AppStore|iPhone
		{C389DA88-ADC8-4623-AE9E-A1FCBC4D1EF5}.AppStore|iPhone.Build.0 = AppStore|iPhone
		{C389DA88-ADC8-4623-AE9E-A1FCBC4D1EF5}.AppStore|iPhone.Deploy.0 = AppStore|iPhone
		{C389DA88-ADC8-4623-AE9E-A1FCBC4D1EF5}.Debug|Any CPU.ActiveCfg = Debug|iPhoneSimulator
		{C389DA88-ADC8-4623-AE9E-A1FCBC4D1EF5}.Debug|Any CPU.Build.0 = Debug|iPhoneSimulator
		{C389DA88-ADC8-4623-AE9E-A1FCBC4D1EF5}.Debug|Any CPU.Deploy.0 = Debug|iPhoneSimulator
		{C389DA88-ADC8-4623-AE9E-A1FCBC4D1EF5}.Debug|iPhone.ActiveCfg = Debug|iPhone
		{C389DA88-ADC8-4623-AE9E-A1FCBC4D1EF5}.Debug|iPhone.Build.0 = Debug|iPhone
		{C389DA88-ADC8-4623-AE9E-A1FCBC4D1EF5}.Debug|iPhone.Deploy.0 = Debug|iPhone
		{C389DA88-ADC8-4623-AE9E-A1FCBC4D1EF5}.Debug|iPhoneSimulator.ActiveCfg = Debug|iPhoneSimulator
		{C389DA88-ADC8-4623-AE9E-A1FCBC4D1EF5}.Debug|iPhoneSimulator.Build.0 = Debug|iPhoneSimulator
		{C389DA88-ADC8-4623-AE9E-A1FCBC4D1EF5}.Debug|iPhoneSimulator.Deploy.0 = Debug|iPhoneSimulator
		{C389DA88-ADC8-4623-AE9E-A1FCBC4D1EF5}.Release|Any CPU.ActiveCfg = Release|iPhoneSimulator
		{C389DA88-ADC8-4623-AE9E-A1FCBC4D1EF5}.Release|Any CPU.Build.0 = Release|iPhoneSimulator
		{C389DA88-ADC8-4623-AE9E-A1FCBC4D1EF5}.Release|Any CPU.Deploy.0 = Release|iPhoneSimulator
		{C389DA88-ADC8-4623-AE9E-A1FCBC4D1EF5}.Release|iPhone.ActiveCfg = Release|iPhone
		{C389DA88-ADC8-4623-AE9E-A1FCBC4D1EF5}.Release|iPhone.Build.0 = Release|iPhone
		{C389DA88-ADC8-4623-AE9E-A1FCBC4D1EF5}.Release|iPhone.Deploy.0 = Release|iPhone
		{C389DA88-ADC8-4623-AE9E-A1FCBC4D1EF5}.Release|iPhoneSimulator.ActiveCfg = Release|iPhoneSimulator
		{C389DA88-ADC8-4623-AE9E-A1FCBC4D1EF5}.Release|iPhoneSimulator.Build.0 = Release|iPhoneSimulator
		{C389DA88-ADC8-4623-AE9E-A1FCBC4D1EF5}.Release|iPhoneSimulator.Deploy.0 = Release|iPhoneSimulator
	EndGlobalSection
EndGlobal
